
Microsoft Visual Studio Solution File, Format Version 12.00
# Visual Studio Version 16
VisualStudioVersion = 16.0.29102.190
MinimumVisualStudioVersion = 10.0.40219.1
Project("{FAE04EC0-301F-11D3-BF4B-00C04F79EFBC}") = "ServiceAssembly", "ServiceAssembly\ServiceAssembly.csproj", "{3C391D3E-267B-423F-93CE-4E711C8E24FF}"
EndProject
Project("{FAE04EC0-301F-11D3-BF4B-00C04F79EFBC}") = "WPFHost", "WPFHost\WPFHost.csproj", "{CC6BF337-70B2-494A-813F-9FAD79A2215E}"
EndProject
Global
	GlobalSection(SolutionConfigurationPlatforms) = preSolution
		Debug|Any CPU = Debug|Any CPU
		Release|Any CPU = Release|Any CPU
	EndGlobalSection
	GlobalSection(ProjectConfigurationPlatforms) = postSolution
		{3C391D3E-267B-423F-93CE-4E711C8E24FF}.Debug|Any CPU.ActiveCfg = Debug|Any CPU
		{3C391D3E-267B-423F-93CE-4E711C8E24FF}.Debug|Any CPU.Build.0 = Debug|Any CPU
		{3C391D3E-267B-423F-93CE-4E711C8E24FF}.Release|Any CPU.ActiveCfg = Release|Any CPU
		{3C391D3E-267B-423F-93CE-4E711C8E24FF}.Release|Any CPU.Build.0 = Release|Any CPU
		{CC6BF337-70B2-494A-813F-9FAD79A2215E}.Debug|Any CPU.ActiveCfg = Debug|Any CPU
		{CC6BF337-70B2-494A-813F-9FAD79A2215E}.Debug|Any CPU.Build.0 = Debug|Any CPU
		{CC6BF337-70B2-494A-813F-9FAD79A2215E}.Release|Any CPU.ActiveCfg = Release|Any CPU
		{CC6BF337-70B2-494A-813F-9FAD79A2215E}.Release|Any CPU.Build.0 = Release|Any CPU
	EndGlobalSection
	GlobalSection(SolutionProperties) = preSolution
		HideSolutionNode = FALSE
	EndGlobalSection
	GlobalSection(ExtensibilityGlobals) = postSolution
		SolutionGuid = {44A5CFF4-8BC2-46FD-A48E-E8E210EC7DC0}
	EndGlobalSection
EndGlobal
