
Microsoft Visual Studio Solution File, Format Version 10.00
# Visual Studio 2008
Project("{FAE04EC0-301F-11D3-BF4B-00C04F79EFBC}") = "ServiceAssembly", "ServiceAssembly\ServiceAssembly.csproj", "{3C391D3E-267B-423F-93CE-4E711C8E24FF}"
EndProject
Project("{FAE04EC0-301F-11D3-BF4B-00C04F79EFBC}") = "WPFHost", "WPFHost\WPFHost.csproj", "{CC6BF337-70B2-494A-813F-9FAD79A2215E}"
EndProject
Project("{FAE04EC0-301F-11D3-BF4B-00C04F79EFBC}") = "WPFClient", "WPFClient\WPFClient.csproj", "{F8D03EE4-382C-4CF8-97AC-295B2D7CDDFC}"
EndProject
Global
	GlobalSection(SolutionConfigurationPlatforms) = preSolution
		Debug|Any CPU = Debug|Any CPU
		Release|Any CPU = Release|Any CPU
	EndGlobalSection
	GlobalSection(ProjectConfigurationPlatforms) = postSolution
		{3C391D3E-267B-423F-93CE-4E711C8E24FF}.Debug|Any CPU.ActiveCfg = Debug|Any CPU
		{3C391D3E-267B-423F-93CE-4E711C8E24FF}.Debug|Any CPU.Build.0 = Debug|Any CPU
		{3C391D3E-267B-423F-93CE-4E711C8E24FF}.Release|Any CPU.ActiveCfg = Release|Any CPU
		{3C391D3E-267B-423F-93CE-4E711C8E24FF}.Release|Any CPU.Build.0 = Release|Any CPU
		{CC6BF337-70B2-494A-813F-9FAD79A2215E}.Debug|Any CPU.ActiveCfg = Debug|Any CPU
		{CC6BF337-70B2-494A-813F-9FAD79A2215E}.Debug|Any CPU.Build.0 = Debug|Any CPU
		{CC6BF337-70B2-494A-813F-9FAD79A2215E}.Release|Any CPU.ActiveCfg = Release|Any CPU
		{CC6BF337-70B2-494A-813F-9FAD79A2215E}.Release|Any CPU.Build.0 = Release|Any CPU
		{F8D03EE4-382C-4CF8-97AC-295B2D7CDDFC}.Debug|Any CPU.ActiveCfg = Debug|Any CPU
		{F8D03EE4-382C-4CF8-97AC-295B2D7CDDFC}.Debug|Any CPU.Build.0 = Debug|Any CPU
		{F8D03EE4-382C-4CF8-97AC-295B2D7CDDFC}.Release|Any CPU.ActiveCfg = Release|Any CPU
		{F8D03EE4-382C-4CF8-97AC-295B2D7CDDFC}.Release|Any CPU.Build.0 = Release|Any CPU
	EndGlobalSection
	GlobalSection(SolutionProperties) = preSolution
		HideSolutionNode = FALSE
	EndGlobalSection
EndGlobal
